
Microsoft Visual Studio Solution File, Format Version 12.00
# Visual Studio Version 17
VisualStudioVersion = 17.7.34024.191
MinimumVisualStudioVersion = 10.0.40219.1
Project("{FAE04EC0-301F-11D3-BF4B-00C04F79EFBC}") = "Interface", "Interface\Interface.csproj", "{2A263525-F570-499E-8853-873B3BCDE92C}"
EndProject
Global
	GlobalSection(SolutionConfigurationPlatforms) = preSolution
		Debug|Any CPU = Debug|Any CPU
		Release|Any CPU = Release|Any CPU
	EndGlobalSection
	GlobalSection(ProjectConfigurationPlatforms) = postSolution
		{2A263525-F570-499E-8853-873B3BCDE92C}.Debug|Any CPU.ActiveCfg = Debug|Any CPU
		{2A263525-F570-499E-8853-873B3BCDE92C}.Debug|Any CPU.Build.0 = Debug|Any CPU
		{2A263525-F570-499E-8853-873B3BCDE92C}.Release|Any CPU.ActiveCfg = Release|Any CPU
		{2A263525-F570-499E-8853-873B3BCDE92C}.Release|Any CPU.Build.0 = Release|Any CPU
	EndGlobalSection
	GlobalSection(SolutionProperties) = preSolution
		HideSolutionNode = FALSE
	EndGlobalSection
	GlobalSection(ExtensibilityGlobals) = postSolution
		SolutionGuid = {EBA4F861-16F3-4B39-B601-3D4B658D76FE}
	EndGlobalSection
EndGlobal
